{
    "requires": true,
    "lockfileVersion": 1,
    "dependencies": {
        "sweetalert2": {
            "version": "8.13.6",
            "resolved": "https://registry.npmjs.org/sweetalert2/-/sweetalert2-8.13.6.tgz",
            "integrity": "sha512-UPmad+ctpnTc6AD88CCyUFCWbGmivF0hJf+uk7V5bxybULAYBnbJiNDBOjmHvHqB9PglinHB1bx4o9MwQgunXg=="
        }
    }
}
